
Microsoft Visual Studio Solution File, Format Version 12.00
# Visual Studio Version 16
VisualStudioVersion = 16.0.809.10
MinimumVisualStudioVersion = 10.0.40219.1
Project("{FAE04EC0-301F-11D3-BF4B-00C04F79EFBC}") = "CS412Final_Azzawie", "CS412Final_Azzawie.csproj", "{D6E3DF10-A39F-4F7D-ADC8-EB1740772239}"
EndProject
Global
	GlobalSection(SolutionConfigurationPlatforms) = preSolution
		Debug|Any CPU = Debug|Any CPU
		Release|Any CPU = Release|Any CPU
	EndGlobalSection
	GlobalSection(ProjectConfigurationPlatforms) = postSolution
		{D6E3DF10-A39F-4F7D-ADC8-EB1740772239}.Debug|Any CPU.ActiveCfg = Debug|Any CPU
		{D6E3DF10-A39F-4F7D-ADC8-EB1740772239}.Debug|Any CPU.Build.0 = Debug|Any CPU
		{D6E3DF10-A39F-4F7D-ADC8-EB1740772239}.Release|Any CPU.ActiveCfg = Release|Any CPU
		{D6E3DF10-A39F-4F7D-ADC8-EB1740772239}.Release|Any CPU.Build.0 = Release|Any CPU
	EndGlobalSection
	GlobalSection(SolutionProperties) = preSolution
		HideSolutionNode = FALSE
	EndGlobalSection
	GlobalSection(ExtensibilityGlobals) = postSolution
		SolutionGuid = {CDEAE286-35FF-4F55-B933-2176659ED7A7}
	EndGlobalSection
EndGlobal
